
Microsoft Visual Studio Solution File, Format Version 12.00
# Visual Studio Version 17
VisualStudioVersion = 17.14.36401.2 d17.14
MinimumVisualStudioVersion = 10.0.40219.1
Project("{FAE04EC0-301F-11D3-BF4B-00C04F79EFBC}") = "StorageTrackerMaui", "StorageTrackerMaui.csproj", "{63D4BAD6-5CEB-68DC-EF24-85D707A32610}"
EndProject
Global
	GlobalSection(SolutionConfigurationPlatforms) = preSolution
		Debug|Any CPU = Debug|Any CPU
		Release|Any CPU = Release|Any CPU
	EndGlobalSection
	GlobalSection(ProjectConfigurationPlatforms) = postSolution
		{63D4BAD6-5CEB-68DC-EF24-85D707A32610}.Debug|Any CPU.ActiveCfg = Debug|Any CPU
		{63D4BAD6-5CEB-68DC-EF24-85D707A32610}.Debug|Any CPU.Build.0 = Debug|Any CPU
		{63D4BAD6-5CEB-68DC-EF24-85D707A32610}.Debug|Any CPU.Deploy.0 = Debug|Any CPU
		{63D4BAD6-5CEB-68DC-EF24-85D707A32610}.Release|Any CPU.ActiveCfg = Release|Any CPU
		{63D4BAD6-5CEB-68DC-EF24-85D707A32610}.Release|Any CPU.Build.0 = Release|Any CPU
	EndGlobalSection
	GlobalSection(SolutionProperties) = preSolution
		HideSolutionNode = FALSE
	EndGlobalSection
	GlobalSection(ExtensibilityGlobals) = postSolution
		SolutionGuid = {2E74955D-BC3B-42E0-8F19-6C9C4B1C794A}
	EndGlobalSection
EndGlobal
